// !$*UTF8*$!
{
	archiveVersion = 1;
	classes = {
	};
	objectVersion = 55;
	objects = {

/* Begin PBXBuildFile section */
		250E2AB328975FD10051351B /* UserDefaultsHelper.swift in Sources */ = {isa = PBXBuildFile; fileRef = 250E2AB228975FD10051351B /* UserDefaultsHelper.swift */; };
		250E2AB628977CDE0051351B /* Alamofire in Frameworks */ = {isa = PBXBuildFile; productRef = 250E2AB528977CDE0051351B /* Alamofire */; };
		250E2AB928977CFB0051351B /* SwiftyJSON in Frameworks */ = {isa = PBXBuildFile; productRef = 250E2AB828977CFB0051351B /* SwiftyJSON */; };
		250E2ABB2897B4E50051351B /* BeerViewController.swift in Sources */ = {isa = PBXBuildFile; fileRef = 250E2ABA2897B4E50051351B /* BeerViewController.swift */; };
		250E2ABE2897BEEB0051351B /* Kingfisher in Frameworks */ = {isa = PBXBuildFile; productRef = 250E2ABD2897BEEB0051351B /* Kingfisher */; };
		25286DCC289A0945001A4C00 /* ImageSearchViewController.swift in Sources */ = {isa = PBXBuildFile; fileRef = 25286DCB289A0945001A4C00 /* ImageSearchViewController.swift */; };
		2536F5D02890DD8500B7BAF4 /* AppDelegate.swift in Sources */ = {isa = PBXBuildFile; fileRef = 2536F5CF2890DD8500B7BAF4 /* AppDelegate.swift */; };
		2536F5D22890DD8500B7BAF4 /* SceneDelegate.swift in Sources */ = {isa = PBXBuildFile; fileRef = 2536F5D12890DD8500B7BAF4 /* SceneDelegate.swift */; };
		2536F5D42890DD8500B7BAF4 /* ViewController.swift in Sources */ = {isa = PBXBuildFile; fileRef = 2536F5D32890DD8500B7BAF4 /* ViewController.swift */; };
		2536F5D72890DD8500B7BAF4 /* Main.storyboard in Resources */ = {isa = PBXBuildFile; fileRef = 2536F5D52890DD8500B7BAF4 /* Main.storyboard */; };
		2536F5D92890DD8700B7BAF4 /* Assets.xcassets in Resources */ = {isa = PBXBuildFile; fileRef = 2536F5D82890DD8700B7BAF4 /* Assets.xcassets */; };
		2536F5DC2890DD8700B7BAF4 /* LaunchScreen.storyboard in Resources */ = {isa = PBXBuildFile; fileRef = 2536F5DA2890DD8700B7BAF4 /* LaunchScreen.storyboard */; };
		2536F5E42890E1FB00B7BAF4 /* SearchViewController.swift in Sources */ = {isa = PBXBuildFile; fileRef = 2536F5E32890E1FB00B7BAF4 /* SearchViewController.swift */; };
		2536F5E72890E4CF00B7BAF4 /* ListTableViewCell.swift in Sources */ = {isa = PBXBuildFile; fileRef = 2536F5E52890E4CF00B7BAF4 /* ListTableViewCell.swift */; };
		2536F5E82890E4CF00B7BAF4 /* ListTableViewCell.xib in Resources */ = {isa = PBXBuildFile; fileRef = 2536F5E62890E4CF00B7BAF4 /* ListTableViewCell.xib */; };
		253C1FA62897528500E4D18E /* ReusableViewProtocol.swift in Sources */ = {isa = PBXBuildFile; fileRef = 253C1FA52897528500E4D18E /* ReusableViewProtocol.swift */; };
		253C1FA92897579100E4D18E /* Constant.swift in Sources */ = {isa = PBXBuildFile; fileRef = 253C1FA82897579100E4D18E /* Constant.swift */; };
		254539482898BD1F00CEF8BB /* BoxOfficeModel.swift in Sources */ = {isa = PBXBuildFile; fileRef = 254539472898BD1F00CEF8BB /* BoxOfficeModel.swift */; };
		25A2A424289A3E42009DC92B /* ImageSearchCollectionViewCell.swift in Sources */ = {isa = PBXBuildFile; fileRef = 25A2A423289A3E42009DC92B /* ImageSearchCollectionViewCell.swift */; };
		25BD5CFE2899143B00EBA300 /* Beer2ViewController.swift in Sources */ = {isa = PBXBuildFile; fileRef = 25BD5CFD2899143B00EBA300 /* Beer2ViewController.swift */; };
		25BD5D002899158100EBA300 /* Beer2CollectionViewCell.swift in Sources */ = {isa = PBXBuildFile; fileRef = 25BD5CFF2899158100EBA300 /* Beer2CollectionViewCell.swift */; };
		25BD5D022899231900EBA300 /* BeerDescriptionViewController.swift in Sources */ = {isa = PBXBuildFile; fileRef = 25BD5D012899231900EBA300 /* BeerDescriptionViewController.swift */; };
		25F0914828935D6C00351DFF /* LocationViewController.swift in Sources */ = {isa = PBXBuildFile; fileRef = 25F0914728935D6C00351DFF /* LocationViewController.swift */; };
		25F0914E289384D600351DFF /* CookieRun Regular.otf in Resources */ = {isa = PBXBuildFile; fileRef = 25F0914B289384D500351DFF /* CookieRun Regular.otf */; };
		25F0914F289384D600351DFF /* CookieRun Black.otf in Resources */ = {isa = PBXBuildFile; fileRef = 25F0914C289384D500351DFF /* CookieRun Black.otf */; };
		25F09150289384D600351DFF /* CookieRun Bold.otf in Resources */ = {isa = PBXBuildFile; fileRef = 25F0914D289384D500351DFF /* CookieRun Bold.otf */; };
		25F2099C28920CD600753B77 /* ViewPresentableProtocol.swift in Sources */ = {isa = PBXBuildFile; fileRef = 25F2099B28920CD600753B77 /* ViewPresentableProtocol.swift */; };
		25F2099E2892236E00753B77 /* LottoViewController.swift in Sources */ = {isa = PBXBuildFile; fileRef = 25F2099D2892236E00753B77 /* LottoViewController.swift */; };
		25F209A02892305100753B77 /* TranslateViewController.swift in Sources */ = {isa = PBXBuildFile; fileRef = 25F2099F2892305100753B77 /* TranslateViewController.swift */; };
		25F209A228923A9D00753B77 /* WebViewViewController.swift in Sources */ = {isa = PBXBuildFile; fileRef = 25F209A128923A9D00753B77 /* WebViewViewController.swift */; };
/* End PBXBuildFile section */

/* Begin PBXFileReference section */
		250E2AB228975FD10051351B /* UserDefaultsHelper.swift */ = {isa = PBXFileReference; lastKnownFileType = sourcecode.swift; path = UserDefaultsHelper.swift; sourceTree = "<group>"; };
		250E2ABA2897B4E50051351B /* BeerViewController.swift */ = {isa = PBXFileReference; lastKnownFileType = sourcecode.swift; path = BeerViewController.swift; sourceTree = "<group>"; };
		25286DCB289A0945001A4C00 /* ImageSearchViewController.swift */ = {isa = PBXFileReference; lastKnownFileType = sourcecode.swift; path = ImageSearchViewController.swift; sourceTree = "<group>"; };
		2536F5CC2890DD8500B7BAF4 /* SeSac2LectureNetworkBasic.app */ = {isa = PBXFileReference; explicitFileType = wrapper.application; includeInIndex = 0; path = SeSac2LectureNetworkBasic.app; sourceTree = BUILT_PRODUCTS_DIR; };
		2536F5CF2890DD8500B7BAF4 /* AppDelegate.swift */ = {isa = PBXFileReference; lastKnownFileType = sourcecode.swift; path = AppDelegate.swift; sourceTree = "<group>"; };
		2536F5D12890DD8500B7BAF4 /* SceneDelegate.swift */ = {isa = PBXFileReference; lastKnownFileType = sourcecode.swift; path = SceneDelegate.swift; sourceTree = "<group>"; };
		2536F5D32890DD8500B7BAF4 /* ViewController.swift */ = {isa = PBXFileReference; lastKnownFileType = sourcecode.swift; path = ViewController.swift; sourceTree = "<group>"; };
		2536F5D62890DD8500B7BAF4 /* Base */ = {isa = PBXFileReference; lastKnownFileType = file.storyboard; name = Base; path = Base.lproj/Main.storyboard; sourceTree = "<group>"; };
		2536F5D82890DD8700B7BAF4 /* Assets.xcassets */ = {isa = PBXFileReference; lastKnownFileType = folder.assetcatalog; path = Assets.xcassets; sourceTree = "<group>"; };
		2536F5DB2890DD8700B7BAF4 /* Base */ = {isa = PBXFileReference; lastKnownFileType = file.storyboard; name = Base; path = Base.lproj/LaunchScreen.storyboard; sourceTree = "<group>"; };
		2536F5DD2890DD8700B7BAF4 /* Info.plist */ = {isa = PBXFileReference; lastKnownFileType = text.plist.xml; path = Info.plist; sourceTree = "<group>"; };
		2536F5E32890E1FB00B7BAF4 /* SearchViewController.swift */ = {isa = PBXFileReference; lastKnownFileType = sourcecode.swift; path = SearchViewController.swift; sourceTree = "<group>"; };
		2536F5E52890E4CF00B7BAF4 /* ListTableViewCell.swift */ = {isa = PBXFileReference; lastKnownFileType = sourcecode.swift; path = ListTableViewCell.swift; sourceTree = "<group>"; };
		2536F5E62890E4CF00B7BAF4 /* ListTableViewCell.xib */ = {isa = PBXFileReference; lastKnownFileType = file.xib; path = ListTableViewCell.xib; sourceTree = "<group>"; };
		253C1FA52897528500E4D18E /* ReusableViewProtocol.swift */ = {isa = PBXFileReference; lastKnownFileType = sourcecode.swift; path = ReusableViewProtocol.swift; sourceTree = "<group>"; };
		253C1FA82897579100E4D18E /* Constant.swift */ = {isa = PBXFileReference; lastKnownFileType = sourcecode.swift; path = Constant.swift; sourceTree = "<group>"; };
		254539472898BD1F00CEF8BB /* BoxOfficeModel.swift */ = {isa = PBXFileReference; lastKnownFileType = sourcecode.swift; path = BoxOfficeModel.swift; sourceTree = "<group>"; };
		25A2A423289A3E42009DC92B /* ImageSearchCollectionViewCell.swift */ = {isa = PBXFileReference; lastKnownFileType = sourcecode.swift; path = ImageSearchCollectionViewCell.swift; sourceTree = "<group>"; };
		25BD5CFD2899143B00EBA300 /* Beer2ViewController.swift */ = {isa = PBXFileReference; lastKnownFileType = sourcecode.swift; path = Beer2ViewController.swift; sourceTree = "<group>"; };
		25BD5CFF2899158100EBA300 /* Beer2CollectionViewCell.swift */ = {isa = PBXFileReference; lastKnownFileType = sourcecode.swift; path = Beer2CollectionViewCell.swift; sourceTree = "<group>"; };
		25BD5D012899231900EBA300 /* BeerDescriptionViewController.swift */ = {isa = PBXFileReference; lastKnownFileType = sourcecode.swift; path = BeerDescriptionViewController.swift; sourceTree = "<group>"; };
		25F0914728935D6C00351DFF /* LocationViewController.swift */ = {isa = PBXFileReference; lastKnownFileType = sourcecode.swift; path = LocationViewController.swift; sourceTree = "<group>"; };
		25F0914B289384D500351DFF /* CookieRun Regular.otf */ = {isa = PBXFileReference; lastKnownFileType = file; path = "CookieRun Regular.otf"; sourceTree = "<group>"; };
		25F0914C289384D500351DFF /* CookieRun Black.otf */ = {isa = PBXFileReference; lastKnownFileType = file; path = "CookieRun Black.otf"; sourceTree = "<group>"; };
		25F0914D289384D500351DFF /* CookieRun Bold.otf */ = {isa = PBXFileReference; lastKnownFileType = file; path = "CookieRun Bold.otf"; sourceTree = "<group>"; };
		25F2099B28920CD600753B77 /* ViewPresentableProtocol.swift */ = {isa = PBXFileReference; lastKnownFileType = sourcecode.swift; path = ViewPresentableProtocol.swift; sourceTree = "<group>"; };
		25F2099D2892236E00753B77 /* LottoViewController.swift */ = {isa = PBXFileReference; lastKnownFileType = sourcecode.swift; path = LottoViewController.swift; sourceTree = "<group>"; };
		25F2099F2892305100753B77 /* TranslateViewController.swift */ = {isa = PBXFileReference; lastKnownFileType = sourcecode.swift; path = TranslateViewController.swift; sourceTree = "<group>"; };
		25F209A128923A9D00753B77 /* WebViewViewController.swift */ = {isa = PBXFileReference; lastKnownFileType = sourcecode.swift; path = WebViewViewController.swift; sourceTree = "<group>"; };
/* End PBXFileReference section */

/* Begin PBXFrameworksBuildPhase section */
		2536F5C92890DD8500B7BAF4 /* Frameworks */ = {
			isa = PBXFrameworksBuildPhase;
			buildActionMask = 2147483647;
			files = (
				250E2ABE2897BEEB0051351B /* Kingfisher in Frameworks */,
				250E2AB928977CFB0051351B /* SwiftyJSON in Frameworks */,
				250E2AB628977CDE0051351B /* Alamofire in Frameworks */,
			);
			runOnlyForDeploymentPostprocessing = 0;
		};
/* End PBXFrameworksBuildPhase section */

/* Begin PBXGroup section */
		2536F5C32890DD8500B7BAF4 = {
			isa = PBXGroup;
			children = (
				2536F5CE2890DD8500B7BAF4 /* SeSac2LectureNetworkBasic */,
				2536F5CD2890DD8500B7BAF4 /* Products */,
			);
			sourceTree = "<group>";
		};
		2536F5CD2890DD8500B7BAF4 /* Products */ = {
			isa = PBXGroup;
			children = (
				2536F5CC2890DD8500B7BAF4 /* SeSac2LectureNetworkBasic.app */,
			);
			name = Products;
			sourceTree = "<group>";
		};
		2536F5CE2890DD8500B7BAF4 /* SeSac2LectureNetworkBasic */ = {
			isa = PBXGroup;
			children = (
				253C1FA72897577A00E4D18E /* Constant */,
				25F09149289383F100351DFF /* Resource */,
				25F2099A28920CA000753B77 /* Protocol */,
				2536F5CF2890DD8500B7BAF4 /* AppDelegate.swift */,
				2536F5D12890DD8500B7BAF4 /* SceneDelegate.swift */,
				2536F5D32890DD8500B7BAF4 /* ViewController.swift */,
				2536F5D52890DD8500B7BAF4 /* Main.storyboard */,
				25286DCB289A0945001A4C00 /* ImageSearchViewController.swift */,
				25A2A423289A3E42009DC92B /* ImageSearchCollectionViewCell.swift */,
				25BD5D012899231900EBA300 /* BeerDescriptionViewController.swift */,
				25BD5CFD2899143B00EBA300 /* Beer2ViewController.swift */,
				25BD5CFF2899158100EBA300 /* Beer2CollectionViewCell.swift */,
				250E2ABA2897B4E50051351B /* BeerViewController.swift */,
				25F0914728935D6C00351DFF /* LocationViewController.swift */,
				25F209A128923A9D00753B77 /* WebViewViewController.swift */,
				25F2099F2892305100753B77 /* TranslateViewController.swift */,
				25F2099D2892236E00753B77 /* LottoViewController.swift */,
				2536F5E32890E1FB00B7BAF4 /* SearchViewController.swift */,
				254539472898BD1F00CEF8BB /* BoxOfficeModel.swift */,
				2536F5E52890E4CF00B7BAF4 /* ListTableViewCell.swift */,
				2536F5E62890E4CF00B7BAF4 /* ListTableViewCell.xib */,
				2536F5D82890DD8700B7BAF4 /* Assets.xcassets */,
				2536F5DA2890DD8700B7BAF4 /* LaunchScreen.storyboard */,
				2536F5DD2890DD8700B7BAF4 /* Info.plist */,
			);
			path = SeSac2LectureNetworkBasic;
			sourceTree = "<group>";
		};
		253C1FA72897577A00E4D18E /* Constant */ = {
			isa = PBXGroup;
			children = (
				253C1FA82897579100E4D18E /* Constant.swift */,
				250E2AB228975FD10051351B /* UserDefaultsHelper.swift */,
			);
			path = Constant;
			sourceTree = "<group>";
		};
		25F09149289383F100351DFF /* Resource */ = {
			isa = PBXGroup;
			children = (
				25F0914A289384D500351DFF /* CookieRunFont_OTF */,
			);
			path = Resource;
			sourceTree = "<group>";
		};
		25F0914A289384D500351DFF /* CookieRunFont_OTF */ = {
			isa = PBXGroup;
			children = (
				25F0914B289384D500351DFF /* CookieRun Regular.otf */,
				25F0914C289384D500351DFF /* CookieRun Black.otf */,
				25F0914D289384D500351DFF /* CookieRun Bold.otf */,
			);
			path = CookieRunFont_OTF;
			sourceTree = "<group>";
		};
		25F2099A28920CA000753B77 /* Protocol */ = {
			isa = PBXGroup;
			children = (
				25F2099B28920CD600753B77 /* ViewPresentableProtocol.swift */,
				253C1FA52897528500E4D18E /* ReusableViewProtocol.swift */,
			);
			path = Protocol;
			sourceTree = "<group>";
		};
/* End PBXGroup section */

/* Begin PBXNativeTarget section */
		2536F5CB2890DD8500B7BAF4 /* SeSac2LectureNetworkBasic */ = {
			isa = PBXNativeTarget;
			buildConfigurationList = 2536F5E02890DD8700B7BAF4 /* Build configuration list for PBXNativeTarget "SeSac2LectureNetworkBasic" */;
			buildPhases = (
				2536F5C82890DD8500B7BAF4 /* Sources */,
				2536F5C92890DD8500B7BAF4 /* Frameworks */,
				2536F5CA2890DD8500B7BAF4 /* Resources */,
			);
			buildRules = (
			);
			dependencies = (
			);
			name = SeSac2LectureNetworkBasic;
			packageProductDependencies = (
				250E2AB528977CDE0051351B /* Alamofire */,
				250E2AB828977CFB0051351B /* SwiftyJSON */,
				250E2ABD2897BEEB0051351B /* Kingfisher */,
			);
			productName = SeSac2LectureNetworkBasic;
			productReference = 2536F5CC2890DD8500B7BAF4 /* SeSac2LectureNetworkBasic.app */;
			productType = "com.apple.product-type.application";
		};
/* End PBXNativeTarget section */

/* Begin PBXProject section */
		2536F5C42890DD8500B7BAF4 /* Project object */ = {
			isa = PBXProject;
			attributes = {
				BuildIndependentTargetsInParallel = 1;
				LastSwiftUpdateCheck = 1340;
				LastUpgradeCheck = 1340;
				TargetAttributes = {
					2536F5CB2890DD8500B7BAF4 = {
						CreatedOnToolsVersion = 13.4.1;
					};
				};
			};
			buildConfigurationList = 2536F5C72890DD8500B7BAF4 /* Build configuration list for PBXProject "SeSac2LectureNetworkBasic" */;
			compatibilityVersion = "Xcode 13.0";
			developmentRegion = en;
			hasScannedForEncodings = 0;
			knownRegions = (
				en,
				Base,
			);
			mainGroup = 2536F5C32890DD8500B7BAF4;
			packageReferences = (
				250E2AB428977CDE0051351B /* XCRemoteSwiftPackageReference "Alamofire" */,
				250E2AB728977CFB0051351B /* XCRemoteSwiftPackageReference "SwiftyJSON" */,
				250E2ABC2897BEEB0051351B /* XCRemoteSwiftPackageReference "Kingfisher" */,
			);
			productRefGroup = 2536F5CD2890DD8500B7BAF4 /* Products */;
			projectDirPath = "";
			projectRoot = "";
			targets = (
				2536F5CB2890DD8500B7BAF4 /* SeSac2LectureNetworkBasic */,
			);
		};
/* End PBXProject section */

/* Begin PBXResourcesBuildPhase section */
		2536F5CA2890DD8500B7BAF4 /* Resources */ = {
			isa = PBXResourcesBuildPhase;
			buildActionMask = 2147483647;
			files = (
				2536F5DC2890DD8700B7BAF4 /* LaunchScreen.storyboard in Resources */,
				25F0914E289384D600351DFF /* CookieRun Regular.otf in Resources */,
				25F0914F289384D600351DFF /* CookieRun Black.otf in Resources */,
				2536F5E82890E4CF00B7BAF4 /* ListTableViewCell.xib in Resources */,
				25F09150289384D600351DFF /* CookieRun Bold.otf in Resources */,
				2536F5D92890DD8700B7BAF4 /* Assets.xcassets in Resources */,
				2536F5D72890DD8500B7BAF4 /* Main.storyboard in Resources */,
			);
			runOnlyForDeploymentPostprocessing = 0;
		};
/* End PBXResourcesBuildPhase section */

/* Begin PBXSourcesBuildPhase section */
		2536F5C82890DD8500B7BAF4 /* Sources */ = {
			isa = PBXSourcesBuildPhase;
			buildActionMask = 2147483647;
			files = (
				2536F5D42890DD8500B7BAF4 /* ViewController.swift in Sources */,
				250E2AB328975FD10051351B /* UserDefaultsHelper.swift in Sources */,
				250E2ABB2897B4E50051351B /* BeerViewController.swift in Sources */,
				25BD5CFE2899143B00EBA300 /* Beer2ViewController.swift in Sources */,
				254539482898BD1F00CEF8BB /* BoxOfficeModel.swift in Sources */,
				2536F5D02890DD8500B7BAF4 /* AppDelegate.swift in Sources */,
				2536F5E42890E1FB00B7BAF4 /* SearchViewController.swift in Sources */,
				25F2099E2892236E00753B77 /* LottoViewController.swift in Sources */,
				2536F5D22890DD8500B7BAF4 /* SceneDelegate.swift in Sources */,
				25BD5D022899231900EBA300 /* BeerDescriptionViewController.swift in Sources */,
				25F0914828935D6C00351DFF /* LocationViewController.swift in Sources */,
				25F209A02892305100753B77 /* TranslateViewController.swift in Sources */,
				25F2099C28920CD600753B77 /* ViewPresentableProtocol.swift in Sources */,
				25F209A228923A9D00753B77 /* WebViewViewController.swift in Sources */,
				253C1FA62897528500E4D18E /* ReusableViewProtocol.swift in Sources */,
				25BD5D002899158100EBA300 /* Beer2CollectionViewCell.swift in Sources */,
				2536F5E72890E4CF00B7BAF4 /* ListTableViewCell.swift in Sources */,
				25286DCC289A0945001A4C00 /* ImageSearchViewController.swift in Sources */,
				25A2A424289A3E42009DC92B /* ImageSearchCollectionViewCell.swift in Sources */,
				253C1FA92897579100E4D18E /* Constant.swift in Sources */,
			);
			runOnlyForDeploymentPostprocessing = 0;
		};
/* End PBXSourcesBuildPhase section */

/* Begin PBXVariantGroup section */
		2536F5D52890DD8500B7BAF4 /* Main.storyboard */ = {
			isa = PBXVariantGroup;
			children = (
				2536F5D62890DD8500B7BAF4 /* Base */,
			);
			name = Main.storyboard;
			sourceTree = "<group>";
		};
		2536F5DA2890DD8700B7BAF4 /* LaunchScreen.storyboard */ = {
			isa = PBXVariantGroup;
			children = (
				2536F5DB2890DD8700B7BAF4 /* Base */,
			);
			name = LaunchScreen.storyboard;
			sourceTree = "<group>";
		};
/* End PBXVariantGroup section */

/* Begin XCBuildConfiguration section */
		2536F5DE2890DD8700B7BAF4 /* Debug */ = {
			isa = XCBuildConfiguration;
			buildSettings = {
				ALWAYS_SEARCH_USER_PATHS = NO;
				CLANG_ANALYZER_NONNULL = YES;
				CLANG_ANALYZER_NUMBER_OBJECT_CONVERSION = YES_AGGRESSIVE;
				CLANG_CXX_LANGUAGE_STANDARD = "gnu++17";
				CLANG_ENABLE_MODULES = YES;
				CLANG_ENABLE_OBJC_ARC = YES;
				CLANG_ENABLE_OBJC_WEAK = YES;
				CLANG_WARN_BLOCK_CAPTURE_AUTORELEASING = YES;
				CLANG_WARN_BOOL_CONVERSION = YES;
				CLANG_WARN_COMMA = YES;
				CLANG_WARN_CONSTANT_CONVERSION = YES;
				CLANG_WARN_DEPRECATED_OBJC_IMPLEMENTATIONS = YES;
				CLANG_WARN_DIRECT_OBJC_ISA_USAGE = YES_ERROR;
				CLANG_WARN_DOCUMENTATION_COMMENTS = YES;
				CLANG_WARN_EMPTY_BODY = YES;
				CLANG_WARN_ENUM_CONVERSION = YES;
				CLANG_WARN_INFINITE_RECURSION = YES;
				CLANG_WARN_INT_CONVERSION = YES;
				CLANG_WARN_NON_LITERAL_NULL_CONVERSION = YES;
				CLANG_WARN_OBJC_IMPLICIT_RETAIN_SELF = YES;
				CLANG_WARN_OBJC_LITERAL_CONVERSION = YES;
				CLANG_WARN_OBJC_ROOT_CLASS = YES_ERROR;
				CLANG_WARN_QUOTED_INCLUDE_IN_FRAMEWORK_HEADER = YES;
				CLANG_WARN_RANGE_LOOP_ANALYSIS = YES;
				CLANG_WARN_STRICT_PROTOTYPES = YES;
				CLANG_WARN_SUSPICIOUS_MOVE = YES;
				CLANG_WARN_UNGUARDED_AVAILABILITY = YES_AGGRESSIVE;
				CLANG_WARN_UNREACHABLE_CODE = YES;
				CLANG_WARN__DUPLICATE_METHOD_MATCH = YES;
				COPY_PHASE_STRIP = NO;
				DEBUG_INFORMATION_FORMAT = dwarf;
				ENABLE_STRICT_OBJC_MSGSEND = YES;
				ENABLE_TESTABILITY = YES;
				GCC_C_LANGUAGE_STANDARD = gnu11;
				GCC_DYNAMIC_NO_PIC = NO;
				GCC_NO_COMMON_BLOCKS = YES;
				GCC_OPTIMIZATION_LEVEL = 0;
				GCC_PREPROCESSOR_DEFINITIONS = (
					"DEBUG=1",
					"$(inherited)",
				);
				GCC_WARN_64_TO_32_BIT_CONVERSION = YES;
				GCC_WARN_ABOUT_RETURN_TYPE = YES_ERROR;
				GCC_WARN_UNDECLARED_SELECTOR = YES;
				GCC_WARN_UNINITIALIZED_AUTOS = YES_AGGRESSIVE;
				GCC_WARN_UNUSED_FUNCTION = YES;
				GCC_WARN_UNUSED_VARIABLE = YES;
				IPHONEOS_DEPLOYMENT_TARGET = 15.5;
				MTL_ENABLE_DEBUG_INFO = INCLUDE_SOURCE;
				MTL_FAST_MATH = YES;
				ONLY_ACTIVE_ARCH = YES;
				SDKROOT = iphoneos;
				SWIFT_ACTIVE_COMPILATION_CONDITIONS = DEBUG;
				SWIFT_OPTIMIZATION_LEVEL = "-Onone";
			};
			name = Debug;
		};
		2536F5DF2890DD8700B7BAF4 /* Release */ = {
			isa = XCBuildConfiguration;
			buildSettings = {
				ALWAYS_SEARCH_USER_PATHS = NO;
				CLANG_ANALYZER_NONNULL = YES;
				CLANG_ANALYZER_NUMBER_OBJECT_CONVERSION = YES_AGGRESSIVE;
				CLANG_CXX_LANGUAGE_STANDARD = "gnu++17";
				CLANG_ENABLE_MODULES = YES;
				CLANG_ENABLE_OBJC_ARC = YES;
				CLANG_ENABLE_OBJC_WEAK = YES;
				CLANG_WARN_BLOCK_CAPTURE_AUTORELEASING = YES;
				CLANG_WARN_BOOL_CONVERSION = YES;
				CLANG_WARN_COMMA = YES;
				CLANG_WARN_CONSTANT_CONVERSION = YES;
				CLANG_WARN_DEPRECATED_OBJC_IMPLEMENTATIONS = YES;
				CLANG_WARN_DIRECT_OBJC_ISA_USAGE = YES_ERROR;
				CLANG_WARN_DOCUMENTATION_COMMENTS = YES;
				CLANG_WARN_EMPTY_BODY = YES;
				CLANG_WARN_ENUM_CONVERSION = YES;
				CLANG_WARN_INFINITE_RECURSION = YES;
				CLANG_WARN_INT_CONVERSION = YES;
				CLANG_WARN_NON_LITERAL_NULL_CONVERSION = YES;
				CLANG_WARN_OBJC_IMPLICIT_RETAIN_SELF = YES;
				CLANG_WARN_OBJC_LITERAL_CONVERSION = YES;
				CLANG_WARN_OBJC_ROOT_CLASS = YES_ERROR;
				CLANG_WARN_QUOTED_INCLUDE_IN_FRAMEWORK_HEADER = YES;
				CLANG_WARN_RANGE_LOOP_ANALYSIS = YES;
				CLANG_WARN_STRICT_PROTOTYPES = YES;
				CLANG_WARN_SUSPICIOUS_MOVE = YES;
				CLANG_WARN_UNGUARDED_AVAILABILITY = YES_AGGRESSIVE;
				CLANG_WARN_UNREACHABLE_CODE = YES;
				CLANG_WARN__DUPLICATE_METHOD_MATCH = YES;
				COPY_PHASE_STRIP = NO;
				DEBUG_INFORMATION_FORMAT = "dwarf-with-dsym";
				ENABLE_NS_ASSERTIONS = NO;
				ENABLE_STRICT_OBJC_MSGSEND = YES;
				GCC_C_LANGUAGE_STANDARD = gnu11;
				GCC_NO_COMMON_BLOCKS = YES;
				GCC_WARN_64_TO_32_BIT_CONVERSION = YES;
				GCC_WARN_ABOUT_RETURN_TYPE = YES_ERROR;
				GCC_WARN_UNDECLARED_SELECTOR = YES;
				GCC_WARN_UNINITIALIZED_AUTOS = YES_AGGRESSIVE;
				GCC_WARN_UNUSED_FUNCTION = YES;
				GCC_WARN_UNUSED_VARIABLE = YES;
				IPHONEOS_DEPLOYMENT_TARGET = 15.5;
				MTL_ENABLE_DEBUG_INFO = NO;
				MTL_FAST_MATH = YES;
				SDKROOT = iphoneos;
				SWIFT_COMPILATION_MODE = wholemodule;
				SWIFT_OPTIMIZATION_LEVEL = "-O";
				VALIDATE_PRODUCT = YES;
			};
			name = Release;
		};
		2536F5E12890DD8700B7BAF4 /* Debug */ = {
			isa = XCBuildConfiguration;
			buildSettings = {
				ASSETCATALOG_COMPILER_APPICON_NAME = AppIcon;
				ASSETCATALOG_COMPILER_GLOBAL_ACCENT_COLOR_NAME = AccentColor;
				CODE_SIGN_STYLE = Automatic;
				CURRENT_PROJECT_VERSION = 1;
				DEVELOPMENT_TEAM = RFHV927M8S;
				GENERATE_INFOPLIST_FILE = YES;
				INFOPLIST_FILE = SeSac2LectureNetworkBasic/Info.plist;
				INFOPLIST_KEY_UIApplicationSupportsIndirectInputEvents = YES;
				INFOPLIST_KEY_UILaunchStoryboardName = LaunchScreen;
				INFOPLIST_KEY_UIMainStoryboardFile = Main;
				INFOPLIST_KEY_UISupportedInterfaceOrientations = UIInterfaceOrientationPortrait;
				INFOPLIST_KEY_UISupportedInterfaceOrientations_iPad = "UIInterfaceOrientationPortrait UIInterfaceOrientationPortraitUpsideDown UIInterfaceOrientationLandscapeLeft UIInterfaceOrientationLandscapeRight";
				INFOPLIST_KEY_UISupportedInterfaceOrientations_iPhone = "UIInterfaceOrientationPortrait UIInterfaceOrientationLandscapeLeft UIInterfaceOrientationLandscapeRight";
				IPHONEOS_DEPLOYMENT_TARGET = 15.0;
				LD_RUNPATH_SEARCH_PATHS = (
					"$(inherited)",
					"@executable_path/Frameworks",
				);
				MARKETING_VERSION = 1.0;
				PRODUCT_BUNDLE_IDENTIFIER = com.jaehoon.SeSac2LectureNetworkBasic;
				PRODUCT_NAME = "$(TARGET_NAME)";
				SWIFT_EMIT_LOC_STRINGS = YES;
				SWIFT_VERSION = 5.0;
				TARGETED_DEVICE_FAMILY = 1;
			};
			name = Debug;
		};
		2536F5E22890DD8700B7BAF4 /* Release */ = {
			isa = XCBuildConfiguration;
			buildSettings = {
				ASSETCATALOG_COMPILER_APPICON_NAME = AppIcon;
				ASSETCATALOG_COMPILER_GLOBAL_ACCENT_COLOR_NAME = AccentColor;
				CODE_SIGN_STYLE = Automatic;
				CURRENT_PROJECT_VERSION = 1;
				DEVELOPMENT_TEAM = RFHV927M8S;
				GENERATE_INFOPLIST_FILE = YES;
				INFOPLIST_FILE = SeSac2LectureNetworkBasic/Info.plist;
				INFOPLIST_KEY_UIApplicationSupportsIndirectInputEvents = YES;
				INFOPLIST_KEY_UILaunchStoryboardName = LaunchScreen;
				INFOPLIST_KEY_UIMainStoryboardFile = Main;
				INFOPLIST_KEY_UISupportedInterfaceOrientations = UIInterfaceOrientationPortrait;
				INFOPLIST_KEY_UISupportedInterfaceOrientations_iPad = "UIInterfaceOrientationPortrait UIInterfaceOrientationPortraitUpsideDown UIInterfaceOrientationLandscapeLeft UIInterfaceOrientationLandscapeRight";
				INFOPLIST_KEY_UISupportedInterfaceOrientations_iPhone = "UIInterfaceOrientationPortrait UIInterfaceOrientationLandscapeLeft UIInterfaceOrientationLandscapeRight";
				IPHONEOS_DEPLOYMENT_TARGET = 15.0;
				LD_RUNPATH_SEARCH_PATHS = (
					"$(inherited)",
					"@executable_path/Frameworks",
				);
				MARKETING_VERSION = 1.0;
				PRODUCT_BUNDLE_IDENTIFIER = com.jaehoon.SeSac2LectureNetworkBasic;
				PRODUCT_NAME = "$(TARGET_NAME)";
				SWIFT_EMIT_LOC_STRINGS = YES;
				SWIFT_VERSION = 5.0;
				TARGETED_DEVICE_FAMILY = 1;
			};
			name = Release;
		};
/* End XCBuildConfiguration section */

/* Begin XCConfigurationList section */
		2536F5C72890DD8500B7BAF4 /* Build configuration list for PBXProject "SeSac2LectureNetworkBasic" */ = {
			isa = XCConfigurationList;
			buildConfigurations = (
				2536F5DE2890DD8700B7BAF4 /* Debug */,
				2536F5DF2890DD8700B7BAF4 /* Release */,
			);
			defaultConfigurationIsVisible = 0;
			defaultConfigurationName = Release;
		};
		2536F5E02890DD8700B7BAF4 /* Build configuration list for PBXNativeTarget "SeSac2LectureNetworkBasic" */ = {
			isa = XCConfigurationList;
			buildConfigurations = (
				2536F5E12890DD8700B7BAF4 /* Debug */,
				2536F5E22890DD8700B7BAF4 /* Release */,
			);
			defaultConfigurationIsVisible = 0;
			defaultConfigurationName = Release;
		};
/* End XCConfigurationList section */

/* Begin XCRemoteSwiftPackageReference section */
		250E2AB428977CDE0051351B /* XCRemoteSwiftPackageReference "Alamofire" */ = {
			isa = XCRemoteSwiftPackageReference;
			repositoryURL = "https://github.com/Alamofire/Alamofire.git";
			requirement = {
				kind = upToNextMajorVersion;
				minimumVersion = 5.0.0;
			};
		};
		250E2AB728977CFB0051351B /* XCRemoteSwiftPackageReference "SwiftyJSON" */ = {
			isa = XCRemoteSwiftPackageReference;
			repositoryURL = "https://github.com/SwiftyJSON/SwiftyJSON.git";
			requirement = {
				kind = upToNextMajorVersion;
				minimumVersion = 5.0.0;
			};
		};
		250E2ABC2897BEEB0051351B /* XCRemoteSwiftPackageReference "Kingfisher" */ = {
			isa = XCRemoteSwiftPackageReference;
			repositoryURL = "https://github.com/onevcat/Kingfisher.git";
			requirement = {
				kind = upToNextMajorVersion;
				minimumVersion = 7.0.0;
			};
		};
/* End XCRemoteSwiftPackageReference section */

/* Begin XCSwiftPackageProductDependency section */
		250E2AB528977CDE0051351B /* Alamofire */ = {
			isa = XCSwiftPackageProductDependency;
			package = 250E2AB428977CDE0051351B /* XCRemoteSwiftPackageReference "Alamofire" */;
			productName = Alamofire;
		};
		250E2AB828977CFB0051351B /* SwiftyJSON */ = {
			isa = XCSwiftPackageProductDependency;
			package = 250E2AB728977CFB0051351B /* XCRemoteSwiftPackageReference "SwiftyJSON" */;
			productName = SwiftyJSON;
		};
		250E2ABD2897BEEB0051351B /* Kingfisher */ = {
			isa = XCSwiftPackageProductDependency;
			package = 250E2ABC2897BEEB0051351B /* XCRemoteSwiftPackageReference "Kingfisher" */;
			productName = Kingfisher;
		};
/* End XCSwiftPackageProductDependency section */
	};
	rootObject = 2536F5C42890DD8500B7BAF4 /* Project object */;
}
